# THIS IS AN AUTOGENERATED FILE. DO NOT EDIT THIS FILE DIRECTLY.
# yarn lockfile v1


reflect-metadata@^0.1.10:
  version "0.1.12"
  resolved "https://registry.yarnpkg.com/reflect-metadata/-/reflect-metadata-0.1.12.tgz#311bf0c6b63cd782f228a81abe146a2bfa9c56f2"

typescript@^2.8.3:
  version "2.8.3"
  resolved "https://registry.yarnpkg.com/typescript/-/typescript-2.8.3.tgz#5d817f9b6f31bb871835f4edf0089f21abe6c170"

vue-class-component@^6.0.0, vue-class-component@^6.2.0:
  version "6.2.0"
  resolved "https://registry.yarnpkg.com/vue-class-component/-/vue-class-component-6.2.0.tgz#7adb1daa9a868c75f30f97f33f4f1b94aee62089"

vue-property-decorator@^6.0.0:
  version "6.0.0"
  resolved "https://registry.yarnpkg.com/vue-property-decorator/-/vue-property-decorator-6.0.0.tgz#bb651b293542e31db0d24f36f4b0250ef08d8515"
  dependencies:
    reflect-metadata "^0.1.10"
    vue-class-component "^6.0.0"

vue@^2.5.16:
  version "2.5.16"
  resolved "https://registry.yarnpkg.com/vue/-/vue-2.5.16.tgz#07edb75e8412aaeed871ebafa99f4672584a0085"
